
Microsoft Visual Studio Solution File, Format Version 12.00
# Visual Studio 15
VisualStudioVersion = 15.0.28307.421
MinimumVisualStudioVersion = 10.0.40219.1
Project("{FAE04EC0-301F-11D3-BF4B-00C04F79EFBC}") = "GraniteHouse", "GraniteHouse\GraniteHouse.csproj", "{00A3C604-73FE-49A4-AD56-D6087911282E}"
EndProject
Global
	GlobalSection(SolutionConfigurationPlatforms) = preSolution
		Debug|Any CPU = Debug|Any CPU
		Release|Any CPU = Release|Any CPU
	EndGlobalSection
	GlobalSection(ProjectConfigurationPlatforms) = postSolution
		{00A3C604-73FE-49A4-AD56-D6087911282E}.Debug|Any CPU.ActiveCfg = Debug|Any CPU
		{00A3C604-73FE-49A4-AD56-D6087911282E}.Debug|Any CPU.Build.0 = Debug|Any CPU
		{00A3C604-73FE-49A4-AD56-D6087911282E}.Release|Any CPU.ActiveCfg = Release|Any CPU
		{00A3C604-73FE-49A4-AD56-D6087911282E}.Release|Any CPU.Build.0 = Release|Any CPU
	EndGlobalSection
	GlobalSection(SolutionProperties) = preSolution
		HideSolutionNode = FALSE
	EndGlobalSection
	GlobalSection(ExtensibilityGlobals) = postSolution
		SolutionGuid = {FD6C7A5E-D4DA-4C10-83A0-9EDBEED2DBF9}
	EndGlobalSection
EndGlobal
